
Microsoft Visual Studio Solution File, Format Version 12.00
Project("{FAE04EC0-301F-11D3-BF4B-00C04F79EFBC}") = "SovietTextEditor", "SovietTextEditor\SovietTextEditor.csproj", "{D0224D8D-2133-4DBA-8909-8ED6B45EE6B9}"
EndProject
Global
	GlobalSection(SolutionConfigurationPlatforms) = preSolution
		Debug|Any CPU = Debug|Any CPU
		Release|Any CPU = Release|Any CPU
	EndGlobalSection
	GlobalSection(ProjectConfigurationPlatforms) = postSolution
		{D0224D8D-2133-4DBA-8909-8ED6B45EE6B9}.Debug|Any CPU.ActiveCfg = Debug|Any CPU
		{D0224D8D-2133-4DBA-8909-8ED6B45EE6B9}.Debug|Any CPU.Build.0 = Debug|Any CPU
		{D0224D8D-2133-4DBA-8909-8ED6B45EE6B9}.Release|Any CPU.ActiveCfg = Release|Any CPU
		{D0224D8D-2133-4DBA-8909-8ED6B45EE6B9}.Release|Any CPU.Build.0 = Release|Any CPU
	EndGlobalSection
EndGlobal
