
Microsoft Visual Studio Solution File, Format Version 12.00
Project("{FAE04EC0-301F-11D3-BF4B-00C04F79EFBC}") = "BallApp", "BallApp\BallApp.csproj", "{17760124-B769-473C-A63D-80735EBCB982}"
EndProject
Global
	GlobalSection(SolutionConfigurationPlatforms) = preSolution
		Debug|Any CPU = Debug|Any CPU
		Release|Any CPU = Release|Any CPU
	EndGlobalSection
	GlobalSection(ProjectConfigurationPlatforms) = postSolution
		{17760124-B769-473C-A63D-80735EBCB982}.Debug|Any CPU.ActiveCfg = Debug|Any CPU
		{17760124-B769-473C-A63D-80735EBCB982}.Debug|Any CPU.Build.0 = Debug|Any CPU
		{17760124-B769-473C-A63D-80735EBCB982}.Release|Any CPU.ActiveCfg = Release|Any CPU
		{17760124-B769-473C-A63D-80735EBCB982}.Release|Any CPU.Build.0 = Release|Any CPU
	EndGlobalSection
EndGlobal
